
Microsoft Visual Studio Solution File, Format Version 12.00
# Visual Studio Version 16
VisualStudioVersion = 16.0.30011.22
MinimumVisualStudioVersion = 10.0.40219.1
Project("{9A19103F-16F7-4668-BE54-9A1E7A4F7556}") = "PresentationWeb_ASPCore", "PresentationWeb_ASPCore\PresentationWeb_ASPCore.csproj", "{21BEC444-9A69-4EDA-AC85-A01AA8AAFACD}"
EndProject
Project("{2150E333-8FDC-42A3-9474-1A3956D46DE8}") = "Models", "Models", "{5E976098-9EA0-4FF2-9FD8-CFFD667F2E9D}"
EndProject
Project("{9A19103F-16F7-4668-BE54-9A1E7A4F7556}") = "Global", "Global\Global.csproj", "{CF377E4F-4C4E-4648-B608-62B251002696}"
EndProject
Project("{9A19103F-16F7-4668-BE54-9A1E7A4F7556}") = "Repositories", "Repositories\Repositories.csproj", "{3727C1BB-0E82-4346-8C29-60E300A1D7E4}"
EndProject
Project("{9A19103F-16F7-4668-BE54-9A1E7A4F7556}") = "Interfaces", "Interfaces\Interfaces.csproj", "{18466AC3-0FB1-4A1A-B4FA-998FE734FDB1}"
EndProject
Project("{9A19103F-16F7-4668-BE54-9A1E7A4F7556}") = "Api_ASPCore", "Api_ASPCore\Api_ASPCore.csproj", "{5D8D2EEF-B414-4138-9DB0-38F92BABA058}"
EndProject
Project("{2150E333-8FDC-42A3-9474-1A3956D46DE8}") = "Tools", "Tools", "{E5C95A8F-80DF-468F-BEE4-91B4E2A42C22}"
EndProject
Project("{9A19103F-16F7-4668-BE54-9A1E7A4F7556}") = "ToolBox", "ToolBox\ToolBox.csproj", "{9F97A3A2-0CCA-44F2-AD08-571B49F19B09}"
EndProject
Project("{00D1A9C2-B5F0-4AF3-8072-F6C62B433612}") = "DatabaseTicketOnLine", "DatabaseTicketOnLine\DatabaseTicketOnLine.sqlproj", "{C6D8320B-BDD3-4AB1-ADE8-40789BD83DB2}"
EndProject
Project("{9A19103F-16F7-4668-BE54-9A1E7A4F7556}") = "PresentationMVVM_WPFCore", "PresentationMVVM_WPFCore\PresentationMVVM_WPFCore.csproj", "{9751726E-1DBD-4236-AA16-445AA7532F5E}"
EndProject
Global
	GlobalSection(SolutionConfigurationPlatforms) = preSolution
		Debug|Any CPU = Debug|Any CPU
		Release|Any CPU = Release|Any CPU
	EndGlobalSection
	GlobalSection(ProjectConfigurationPlatforms) = postSolution
		{21BEC444-9A69-4EDA-AC85-A01AA8AAFACD}.Debug|Any CPU.ActiveCfg = Debug|Any CPU
		{21BEC444-9A69-4EDA-AC85-A01AA8AAFACD}.Debug|Any CPU.Build.0 = Debug|Any CPU
		{21BEC444-9A69-4EDA-AC85-A01AA8AAFACD}.Release|Any CPU.ActiveCfg = Release|Any CPU
		{21BEC444-9A69-4EDA-AC85-A01AA8AAFACD}.Release|Any CPU.Build.0 = Release|Any CPU
		{CF377E4F-4C4E-4648-B608-62B251002696}.Debug|Any CPU.ActiveCfg = Debug|Any CPU
		{CF377E4F-4C4E-4648-B608-62B251002696}.Debug|Any CPU.Build.0 = Debug|Any CPU
		{CF377E4F-4C4E-4648-B608-62B251002696}.Release|Any CPU.ActiveCfg = Release|Any CPU
		{CF377E4F-4C4E-4648-B608-62B251002696}.Release|Any CPU.Build.0 = Release|Any CPU
		{3727C1BB-0E82-4346-8C29-60E300A1D7E4}.Debug|Any CPU.ActiveCfg = Debug|Any CPU
		{3727C1BB-0E82-4346-8C29-60E300A1D7E4}.Debug|Any CPU.Build.0 = Debug|Any CPU
		{3727C1BB-0E82-4346-8C29-60E300A1D7E4}.Release|Any CPU.ActiveCfg = Release|Any CPU
		{3727C1BB-0E82-4346-8C29-60E300A1D7E4}.Release|Any CPU.Build.0 = Release|Any CPU
		{18466AC3-0FB1-4A1A-B4FA-998FE734FDB1}.Debug|Any CPU.ActiveCfg = Debug|Any CPU
		{18466AC3-0FB1-4A1A-B4FA-998FE734FDB1}.Debug|Any CPU.Build.0 = Debug|Any CPU
		{18466AC3-0FB1-4A1A-B4FA-998FE734FDB1}.Release|Any CPU.ActiveCfg = Release|Any CPU
		{18466AC3-0FB1-4A1A-B4FA-998FE734FDB1}.Release|Any CPU.Build.0 = Release|Any CPU
		{5D8D2EEF-B414-4138-9DB0-38F92BABA058}.Debug|Any CPU.ActiveCfg = Debug|Any CPU
		{5D8D2EEF-B414-4138-9DB0-38F92BABA058}.Debug|Any CPU.Build.0 = Debug|Any CPU
		{5D8D2EEF-B414-4138-9DB0-38F92BABA058}.Release|Any CPU.ActiveCfg = Release|Any CPU
		{5D8D2EEF-B414-4138-9DB0-38F92BABA058}.Release|Any CPU.Build.0 = Release|Any CPU
		{9F97A3A2-0CCA-44F2-AD08-571B49F19B09}.Debug|Any CPU.ActiveCfg = Debug|Any CPU
		{9F97A3A2-0CCA-44F2-AD08-571B49F19B09}.Debug|Any CPU.Build.0 = Debug|Any CPU
		{9F97A3A2-0CCA-44F2-AD08-571B49F19B09}.Release|Any CPU.ActiveCfg = Release|Any CPU
		{9F97A3A2-0CCA-44F2-AD08-571B49F19B09}.Release|Any CPU.Build.0 = Release|Any CPU
		{C6D8320B-BDD3-4AB1-ADE8-40789BD83DB2}.Debug|Any CPU.ActiveCfg = Debug|Any CPU
		{C6D8320B-BDD3-4AB1-ADE8-40789BD83DB2}.Debug|Any CPU.Build.0 = Debug|Any CPU
		{C6D8320B-BDD3-4AB1-ADE8-40789BD83DB2}.Debug|Any CPU.Deploy.0 = Debug|Any CPU
		{C6D8320B-BDD3-4AB1-ADE8-40789BD83DB2}.Release|Any CPU.ActiveCfg = Release|Any CPU
		{C6D8320B-BDD3-4AB1-ADE8-40789BD83DB2}.Release|Any CPU.Build.0 = Release|Any CPU
		{C6D8320B-BDD3-4AB1-ADE8-40789BD83DB2}.Release|Any CPU.Deploy.0 = Release|Any CPU
		{9751726E-1DBD-4236-AA16-445AA7532F5E}.Debug|Any CPU.ActiveCfg = Debug|Any CPU
		{9751726E-1DBD-4236-AA16-445AA7532F5E}.Debug|Any CPU.Build.0 = Debug|Any CPU
		{9751726E-1DBD-4236-AA16-445AA7532F5E}.Release|Any CPU.ActiveCfg = Release|Any CPU
		{9751726E-1DBD-4236-AA16-445AA7532F5E}.Release|Any CPU.Build.0 = Release|Any CPU
	EndGlobalSection
	GlobalSection(SolutionProperties) = preSolution
		HideSolutionNode = FALSE
	EndGlobalSection
	GlobalSection(NestedProjects) = preSolution
		{CF377E4F-4C4E-4648-B608-62B251002696} = {5E976098-9EA0-4FF2-9FD8-CFFD667F2E9D}
		{3727C1BB-0E82-4346-8C29-60E300A1D7E4} = {5E976098-9EA0-4FF2-9FD8-CFFD667F2E9D}
		{18466AC3-0FB1-4A1A-B4FA-998FE734FDB1} = {5E976098-9EA0-4FF2-9FD8-CFFD667F2E9D}
		{9F97A3A2-0CCA-44F2-AD08-571B49F19B09} = {E5C95A8F-80DF-468F-BEE4-91B4E2A42C22}
	EndGlobalSection
	GlobalSection(ExtensibilityGlobals) = postSolution
		SolutionGuid = {E623BE51-0DBA-42C8-B632-FEB14DCC4F84}
	EndGlobalSection
EndGlobal
